
Microsoft Visual Studio Solution File, Format Version 12.00
# Visual Studio 15
VisualStudioVersion = 15.0.28307.438
MinimumVisualStudioVersion = 10.0.40219.1
Project("{FAE04EC0-301F-11D3-BF4B-00C04F79EFBC}") = "sample", "sample\sample.csproj", "{D71F44EF-15C2-4FB5-AD16-027519AADB84}"
EndProject
Global
	GlobalSection(SolutionConfigurationPlatforms) = preSolution
		Debug|Any CPU = Debug|Any CPU
		Release|Any CPU = Release|Any CPU
	EndGlobalSection
	GlobalSection(ProjectConfigurationPlatforms) = postSolution
		{D71F44EF-15C2-4FB5-AD16-027519AADB84}.Debug|Any CPU.ActiveCfg = Debug|Any CPU
		{D71F44EF-15C2-4FB5-AD16-027519AADB84}.Debug|Any CPU.Build.0 = Debug|Any CPU
		{D71F44EF-15C2-4FB5-AD16-027519AADB84}.Release|Any CPU.ActiveCfg = Release|Any CPU
		{D71F44EF-15C2-4FB5-AD16-027519AADB84}.Release|Any CPU.Build.0 = Release|Any CPU
	EndGlobalSection
	GlobalSection(SolutionProperties) = preSolution
		HideSolutionNode = FALSE
	EndGlobalSection
	GlobalSection(ExtensibilityGlobals) = postSolution
		SolutionGuid = {5D55C1C3-2D29-491F-9464-EF838A4C1CA4}
	EndGlobalSection
EndGlobal
